
Microsoft Visual Studio Solution File, Format Version 12.00
# Visual Studio Version 16
VisualStudioVersion = 16.0.31402.337
MinimumVisualStudioVersion = 10.0.40219.1
Project("{FAE04EC0-301F-11D3-BF4B-00C04F79EFBC}") = "myfirstproject", "myfirstproject\myfirstproject.csproj", "{23E2355C-3DD1-4CC5-A8E6-31D0DEAC56E4}"
EndProject
Global
	GlobalSection(SolutionConfigurationPlatforms) = preSolution
		Debug|Any CPU = Debug|Any CPU
		Release|Any CPU = Release|Any CPU
	EndGlobalSection
	GlobalSection(ProjectConfigurationPlatforms) = postSolution
		{23E2355C-3DD1-4CC5-A8E6-31D0DEAC56E4}.Debug|Any CPU.ActiveCfg = Debug|Any CPU
		{23E2355C-3DD1-4CC5-A8E6-31D0DEAC56E4}.Debug|Any CPU.Build.0 = Debug|Any CPU
		{23E2355C-3DD1-4CC5-A8E6-31D0DEAC56E4}.Release|Any CPU.ActiveCfg = Release|Any CPU
		{23E2355C-3DD1-4CC5-A8E6-31D0DEAC56E4}.Release|Any CPU.Build.0 = Release|Any CPU
	EndGlobalSection
	GlobalSection(SolutionProperties) = preSolution
		HideSolutionNode = FALSE
	EndGlobalSection
	GlobalSection(ExtensibilityGlobals) = postSolution
		SolutionGuid = {DECE5E26-76EC-44AF-99CA-DDE6AF1F83AF}
	EndGlobalSection
EndGlobal
