
Microsoft Visual Studio Solution File, Format Version 12.00
# Visual Studio Version 16
VisualStudioVersion = 16.0.31402.337
MinimumVisualStudioVersion = 10.0.40219.1
Project("{FAE04EC0-301F-11D3-BF4B-00C04F79EFBC}") = "Constructors home work 8.7.2021", "Constructors home work 8.7.2021\Constructors home work 8.7.2021.csproj", "{46C634FB-46A1-4D9F-8BE8-240120BF2B36}"
EndProject
Global
	GlobalSection(SolutionConfigurationPlatforms) = preSolution
		Debug|Any CPU = Debug|Any CPU
		Release|Any CPU = Release|Any CPU
	EndGlobalSection
	GlobalSection(ProjectConfigurationPlatforms) = postSolution
		{46C634FB-46A1-4D9F-8BE8-240120BF2B36}.Debug|Any CPU.ActiveCfg = Debug|Any CPU
		{46C634FB-46A1-4D9F-8BE8-240120BF2B36}.Debug|Any CPU.Build.0 = Debug|Any CPU
		{46C634FB-46A1-4D9F-8BE8-240120BF2B36}.Release|Any CPU.ActiveCfg = Release|Any CPU
		{46C634FB-46A1-4D9F-8BE8-240120BF2B36}.Release|Any CPU.Build.0 = Release|Any CPU
	EndGlobalSection
	GlobalSection(SolutionProperties) = preSolution
		HideSolutionNode = FALSE
	EndGlobalSection
	GlobalSection(ExtensibilityGlobals) = postSolution
		SolutionGuid = {6B61C231-B20E-4B6E-BE46-E5478BDD3704}
	EndGlobalSection
EndGlobal
